
Microsoft Visual Studio Solution File, Format Version 12.00
# Visual Studio Version 16
VisualStudioVersion = 16.0.30204.135
MinimumVisualStudioVersion = 10.0.40219.1
Project("{FAE04EC0-301F-11D3-BF4B-00C04F79EFBC}") = "TechElevator.Enums", "TechElevator.Enums\TechElevator.Enums.csproj", "{F79FC2D7-38CF-4CFC-A42F-450A1F3090F7}"
EndProject
Global
	GlobalSection(SolutionConfigurationPlatforms) = preSolution
		Debug|Any CPU = Debug|Any CPU
		Release|Any CPU = Release|Any CPU
	EndGlobalSection
	GlobalSection(ProjectConfigurationPlatforms) = postSolution
		{F79FC2D7-38CF-4CFC-A42F-450A1F3090F7}.Debug|Any CPU.ActiveCfg = Debug|Any CPU
		{F79FC2D7-38CF-4CFC-A42F-450A1F3090F7}.Debug|Any CPU.Build.0 = Debug|Any CPU
		{F79FC2D7-38CF-4CFC-A42F-450A1F3090F7}.Release|Any CPU.ActiveCfg = Release|Any CPU
		{F79FC2D7-38CF-4CFC-A42F-450A1F3090F7}.Release|Any CPU.Build.0 = Release|Any CPU
	EndGlobalSection
	GlobalSection(SolutionProperties) = preSolution
		HideSolutionNode = FALSE
	EndGlobalSection
	GlobalSection(ExtensibilityGlobals) = postSolution
		SolutionGuid = {05A406AA-5FF6-4243-820C-2C4440D2DF2E}
	EndGlobalSection
EndGlobal
